
Microsoft Visual Studio Solution File, Format Version 12.00
# Visual Studio 14
VisualStudioVersion = 14.0.24720.0
MinimumVisualStudioVersion = 10.0.40219.1
Project("{FAE04EC0-301F-11D3-BF4B-00C04F79EFBC}") = "Tehtava1", "Tehtava1\Tehtava1.csproj", "{BBFDB3F8-2232-4C51-A154-1DFFF2E75FE7}"
EndProject
Project("{FAE04EC0-301F-11D3-BF4B-00C04F79EFBC}") = "Harjoitus1MediaPlayer", "Harjoitus1MediaPlayer\Harjoitus1MediaPlayer.csproj", "{982B5144-21B0-45B6-B5E9-607EBDB3AFE3}"
EndProject
Project("{FAE04EC0-301F-11D3-BF4B-00C04F79EFBC}") = "lotto", "lotto\lotto.csproj", "{9E446B14-7466-4A4D-AEE9-DCC413B39F3B}"
EndProject
Project("{FAE04EC0-301F-11D3-BF4B-00C04F79EFBC}") = "Harjoitus3", "Harjoitus3\Harjoitus3.csproj", "{20E87965-AE50-420E-9A9C-AAB4FA529584}"
EndProject
Project("{FAE04EC0-301F-11D3-BF4B-00C04F79EFBC}") = "Harjoitus4console", "Harjoitus4console\Harjoitus4console.csproj", "{4413B518-8296-444D-BC91-B4794D7A894E}"
EndProject
Project("{FAE04EC0-301F-11D3-BF4B-00C04F79EFBC}") = "Harjoitus4WPFXML", "Harjoitus4WPFXML\Harjoitus4WPFXML.csproj", "{CDCD0114-EF47-47E1-B99F-4648F71A40C1}"
EndProject
Project("{FAE04EC0-301F-11D3-BF4B-00C04F79EFBC}") = "MoviesXML", "MoviesXML\MoviesXML.csproj", "{FD10E263-CC3E-44ED-9AD5-5D08C51AD711}"
EndProject
Project("{FAE04EC0-301F-11D3-BF4B-00C04F79EFBC}") = "MovieXMLMK2", "MovieXMLMK2\MovieXMLMK2.csproj", "{CF1966B0-A300-4D55-80C3-218F925DB962}"
EndProject
Project("{FAE04EC0-301F-11D3-BF4B-00C04F79EFBC}") = "bindingDemo", "bindingDemo\bindingDemo.csproj", "{F4005F9F-2B56-4A4A-8493-48AB13BFD08C}"
EndProject
Project("{FAE04EC0-301F-11D3-BF4B-00C04F79EFBC}") = "H7ADOConsoleDemo", "H7ADOConsoleDemo\H7ADOConsoleDemo.csproj", "{38186C74-8240-44EE-9533-C16FDC31D94E}"
EndProject
Project("{FAE04EC0-301F-11D3-BF4B-00C04F79EFBC}") = "oldbooks", "oldbooks\oldbooks.csproj", "{C9940194-7590-4234-898A-5E531D97EA10}"
EndProject
Global
	GlobalSection(SolutionConfigurationPlatforms) = preSolution
		Debug|Any CPU = Debug|Any CPU
		Release|Any CPU = Release|Any CPU
	EndGlobalSection
	GlobalSection(ProjectConfigurationPlatforms) = postSolution
		{BBFDB3F8-2232-4C51-A154-1DFFF2E75FE7}.Debug|Any CPU.ActiveCfg = Debug|Any CPU
		{BBFDB3F8-2232-4C51-A154-1DFFF2E75FE7}.Debug|Any CPU.Build.0 = Debug|Any CPU
		{BBFDB3F8-2232-4C51-A154-1DFFF2E75FE7}.Release|Any CPU.ActiveCfg = Release|Any CPU
		{BBFDB3F8-2232-4C51-A154-1DFFF2E75FE7}.Release|Any CPU.Build.0 = Release|Any CPU
		{982B5144-21B0-45B6-B5E9-607EBDB3AFE3}.Debug|Any CPU.ActiveCfg = Debug|Any CPU
		{982B5144-21B0-45B6-B5E9-607EBDB3AFE3}.Debug|Any CPU.Build.0 = Debug|Any CPU
		{982B5144-21B0-45B6-B5E9-607EBDB3AFE3}.Release|Any CPU.ActiveCfg = Release|Any CPU
		{982B5144-21B0-45B6-B5E9-607EBDB3AFE3}.Release|Any CPU.Build.0 = Release|Any CPU
		{9E446B14-7466-4A4D-AEE9-DCC413B39F3B}.Debug|Any CPU.ActiveCfg = Debug|Any CPU
		{9E446B14-7466-4A4D-AEE9-DCC413B39F3B}.Debug|Any CPU.Build.0 = Debug|Any CPU
		{9E446B14-7466-4A4D-AEE9-DCC413B39F3B}.Release|Any CPU.ActiveCfg = Release|Any CPU
		{9E446B14-7466-4A4D-AEE9-DCC413B39F3B}.Release|Any CPU.Build.0 = Release|Any CPU
		{20E87965-AE50-420E-9A9C-AAB4FA529584}.Debug|Any CPU.ActiveCfg = Debug|Any CPU
		{20E87965-AE50-420E-9A9C-AAB4FA529584}.Debug|Any CPU.Build.0 = Debug|Any CPU
		{20E87965-AE50-420E-9A9C-AAB4FA529584}.Release|Any CPU.ActiveCfg = Release|Any CPU
		{20E87965-AE50-420E-9A9C-AAB4FA529584}.Release|Any CPU.Build.0 = Release|Any CPU
		{4413B518-8296-444D-BC91-B4794D7A894E}.Debug|Any CPU.ActiveCfg = Debug|Any CPU
		{4413B518-8296-444D-BC91-B4794D7A894E}.Debug|Any CPU.Build.0 = Debug|Any CPU
		{4413B518-8296-444D-BC91-B4794D7A894E}.Release|Any CPU.ActiveCfg = Release|Any CPU
		{4413B518-8296-444D-BC91-B4794D7A894E}.Release|Any CPU.Build.0 = Release|Any CPU
		{CDCD0114-EF47-47E1-B99F-4648F71A40C1}.Debug|Any CPU.ActiveCfg = Debug|Any CPU
		{CDCD0114-EF47-47E1-B99F-4648F71A40C1}.Debug|Any CPU.Build.0 = Debug|Any CPU
		{CDCD0114-EF47-47E1-B99F-4648F71A40C1}.Release|Any CPU.ActiveCfg = Release|Any CPU
		{CDCD0114-EF47-47E1-B99F-4648F71A40C1}.Release|Any CPU.Build.0 = Release|Any CPU
		{FD10E263-CC3E-44ED-9AD5-5D08C51AD711}.Debug|Any CPU.ActiveCfg = Debug|Any CPU
		{FD10E263-CC3E-44ED-9AD5-5D08C51AD711}.Debug|Any CPU.Build.0 = Debug|Any CPU
		{FD10E263-CC3E-44ED-9AD5-5D08C51AD711}.Release|Any CPU.ActiveCfg = Release|Any CPU
		{FD10E263-CC3E-44ED-9AD5-5D08C51AD711}.Release|Any CPU.Build.0 = Release|Any CPU
		{CF1966B0-A300-4D55-80C3-218F925DB962}.Debug|Any CPU.ActiveCfg = Debug|Any CPU
		{CF1966B0-A300-4D55-80C3-218F925DB962}.Debug|Any CPU.Build.0 = Debug|Any CPU
		{CF1966B0-A300-4D55-80C3-218F925DB962}.Release|Any CPU.ActiveCfg = Release|Any CPU
		{CF1966B0-A300-4D55-80C3-218F925DB962}.Release|Any CPU.Build.0 = Release|Any CPU
		{F4005F9F-2B56-4A4A-8493-48AB13BFD08C}.Debug|Any CPU.ActiveCfg = Debug|Any CPU
		{F4005F9F-2B56-4A4A-8493-48AB13BFD08C}.Debug|Any CPU.Build.0 = Debug|Any CPU
		{F4005F9F-2B56-4A4A-8493-48AB13BFD08C}.Release|Any CPU.ActiveCfg = Release|Any CPU
		{F4005F9F-2B56-4A4A-8493-48AB13BFD08C}.Release|Any CPU.Build.0 = Release|Any CPU
		{38186C74-8240-44EE-9533-C16FDC31D94E}.Debug|Any CPU.ActiveCfg = Debug|Any CPU
		{38186C74-8240-44EE-9533-C16FDC31D94E}.Debug|Any CPU.Build.0 = Debug|Any CPU
		{38186C74-8240-44EE-9533-C16FDC31D94E}.Release|Any CPU.ActiveCfg = Release|Any CPU
		{38186C74-8240-44EE-9533-C16FDC31D94E}.Release|Any CPU.Build.0 = Release|Any CPU
		{C9940194-7590-4234-898A-5E531D97EA10}.Debug|Any CPU.ActiveCfg = Debug|Any CPU
		{C9940194-7590-4234-898A-5E531D97EA10}.Debug|Any CPU.Build.0 = Debug|Any CPU
		{C9940194-7590-4234-898A-5E531D97EA10}.Release|Any CPU.ActiveCfg = Release|Any CPU
		{C9940194-7590-4234-898A-5E531D97EA10}.Release|Any CPU.Build.0 = Release|Any CPU
	EndGlobalSection
	GlobalSection(SolutionProperties) = preSolution
		HideSolutionNode = FALSE
	EndGlobalSection
EndGlobal
